
Microsoft Visual Studio Solution File, Format Version 12.00
# Visual Studio Version 16
VisualStudioVersion = 16.0.31624.102
MinimumVisualStudioVersion = 10.0.40219.1
Project("{FAE04EC0-301F-11D3-BF4B-00C04F79EFBC}") = "Cadeteria", "Cadeteria\Cadeteria.csproj", "{9622DF34-8D70-4957-9138-95922F071818}"
EndProject
Global
	GlobalSection(SolutionConfigurationPlatforms) = preSolution
		Debug|Any CPU = Debug|Any CPU
		Release|Any CPU = Release|Any CPU
	EndGlobalSection
	GlobalSection(ProjectConfigurationPlatforms) = postSolution
		{9622DF34-8D70-4957-9138-95922F071818}.Debug|Any CPU.ActiveCfg = Debug|Any CPU
		{9622DF34-8D70-4957-9138-95922F071818}.Debug|Any CPU.Build.0 = Debug|Any CPU
		{9622DF34-8D70-4957-9138-95922F071818}.Release|Any CPU.ActiveCfg = Release|Any CPU
		{9622DF34-8D70-4957-9138-95922F071818}.Release|Any CPU.Build.0 = Release|Any CPU
	EndGlobalSection
	GlobalSection(SolutionProperties) = preSolution
		HideSolutionNode = FALSE
	EndGlobalSection
	GlobalSection(ExtensibilityGlobals) = postSolution
		SolutionGuid = {2179AFA7-D0B8-4EF3-AFB8-8F10AE0FFD14}
	EndGlobalSection
EndGlobal
